
Microsoft Visual Studio Solution File, Format Version 12.00
# Visual Studio Version 16
VisualStudioVersion = 16.0.31702.278
MinimumVisualStudioVersion = 10.0.40219.1
Project("{FAE04EC0-301F-11D3-BF4B-00C04F79EFBC}") = "Lab5(1)", "Lab5(1).csproj", "{34DD35F1-42FF-4CE8-9954-778E57552579}"
EndProject
Global
	GlobalSection(SolutionConfigurationPlatforms) = preSolution
		Debug|Any CPU = Debug|Any CPU
		Release|Any CPU = Release|Any CPU
	EndGlobalSection
	GlobalSection(ProjectConfigurationPlatforms) = postSolution
		{34DD35F1-42FF-4CE8-9954-778E57552579}.Debug|Any CPU.ActiveCfg = Debug|Any CPU
		{34DD35F1-42FF-4CE8-9954-778E57552579}.Debug|Any CPU.Build.0 = Debug|Any CPU
		{34DD35F1-42FF-4CE8-9954-778E57552579}.Release|Any CPU.ActiveCfg = Release|Any CPU
		{34DD35F1-42FF-4CE8-9954-778E57552579}.Release|Any CPU.Build.0 = Release|Any CPU
	EndGlobalSection
	GlobalSection(SolutionProperties) = preSolution
		HideSolutionNode = FALSE
	EndGlobalSection
	GlobalSection(ExtensibilityGlobals) = postSolution
		SolutionGuid = {D898C6FE-5133-4A48-8FF2-C364629A91E5}
	EndGlobalSection
EndGlobal
